{
  "name": "cr50",
  "version": "1.0.0",
  "lockfileVersion": 3,
  "requires": true,
  "packages": {
    "": {
      "name": "cr50",
      "version": "1.0.0",
      "license": "MIT",
      "dependencies": {
        "@types/w3c-web-serial": "^1.0.3",
        "@types/w3c-web-usb": "^1.0.6",
        "chart.js": "^4.2.1",
        "dygraphs": "^2.2.1",
        "moment": "^2.29.4"
      },
      "devDependencies": {
        "@types/dygraphs": "^2.1.4"
      }
    },
    "node_modules/@kurkle/color": {
      "version": "0.3.2",
      "resolved": "https://registry.npmjs.org/@kurkle/color/-/color-0.3.2.tgz",
      "integrity": "sha512-fuscdXJ9G1qb7W8VdHi+IwRqij3lBkosAm4ydQtEmbY58OzHXqQhvlxqEkoz0yssNVn38bcpRWgA9PP+OGoisw=="
    },
    "node_modules/@types/dygraphs": {
      "version": "2.1.4",
      "resolved": "https://registry.npmjs.org/@types/dygraphs/-/dygraphs-2.1.4.tgz",
      "integrity": "sha512-vVBK+qQhXCQxLKSdUsrH3aSKJ+laGClmclJ9O0elqKwvgjAofKEq9orws1IQdjG0Jdsn5Y3nqPUNP5tyIKyRYg==",
      "dev": true,
      "dependencies": {
        "@types/google.visualization": "*"
      }
    },
    "node_modules/@types/google.visualization": {
      "version": "0.0.68",
      "resolved": "https://registry.npmjs.org/@types/google.visualization/-/google.visualization-0.0.68.tgz",
      "integrity": "sha512-LkLniL1TYykhz+ZdRof3Bi8cp1OhqoK11Tj1RM2bPtGVBNexQ0eRnOrOWcWTdi80Sz9DzJ4JIG2rTlSJBVV58w==",
      "dev": true
    },
    "node_modules/@types/w3c-web-serial": {
      "version": "1.0.3",
      "resolved": "https://registry.npmjs.org/@types/w3c-web-serial/-/w3c-web-serial-1.0.3.tgz",
      "integrity": "sha512-R4J/OjqKAUFQoXVIkaUTfzb/sl6hLh/ZhDTfowJTRMa7LhgEmI/jXV4zsL1u8HpNa853BxwNmDIr0pauizzwSQ=="
    },
    "node_modules/@types/w3c-web-usb": {
      "version": "1.0.6",
      "resolved": "https://registry.npmjs.org/@types/w3c-web-usb/-/w3c-web-usb-1.0.6.tgz",
      "integrity": "sha512-cSjhgrr8g4KbPnnijAr/KJDNKa/bBa+ixYkywFRvrhvi9n1WEl7yYbtRyzE6jqNQiSxxJxoAW3STaOQwJHndaw=="
    },
    "node_modules/chart.js": {
      "version": "4.2.1",
      "resolved": "https://registry.npmjs.org/chart.js/-/chart.js-4.2.1.tgz",
      "integrity": "sha512-6YbpQ0nt3NovAgOzbkSSeeAQu/3za1319dPUQTXn9WcOpywM8rGKxJHrhS8V8xEkAlk8YhEfjbuAPfUyp6jIsw==",
      "dependencies": {
        "@kurkle/color": "^0.3.0"
      },
      "engines": {
        "pnpm": "^7.0.0"
      }
    },
    "node_modules/dygraphs": {
      "version": "2.2.1",
      "resolved": "https://registry.npmjs.org/dygraphs/-/dygraphs-2.2.1.tgz",
      "integrity": "sha512-xnuvsvh2H/FKvJjTSlXgJpwCOhLOi3u0sHw1gsJg/Bmf29y6bnO14PbTz8MwHOa3GIbKqqgKVBMSOi+Z1gI2Gg=="
    },
    "node_modules/moment": {
      "version": "2.29.4",
      "resolved": "https://registry.npmjs.org/moment/-/moment-2.29.4.tgz",
      "integrity": "sha512-5LC9SOxjSc2HF6vO2CyuTDNivEdoz2IvyJJGj6X8DJ0eFyfszE0QiEd+iXmBvUP3WHxSjFH/vIsA0EN00cgr8w==",
      "engines": {
        "node": "*"
      }
    }
  }
}
