{
  "name": "cr50",
  "version": "1.0.0",
  "lockfileVersion": 3,
  "requires": true,
  "packages": {
    "": {
      "name": "cr50",
      "version": "1.0.0",
      "license": "MIT",
      "dependencies": {
        "@types/w3c-web-serial": "^1.0.3",
        "@types/w3c-web-usb": "^1.0.6",
        "chart.js": "^4.2.1"
      }
    },
    "node_modules/@kurkle/color": {
      "version": "0.3.2",
      "resolved": "https://registry.npmjs.org/@kurkle/color/-/color-0.3.2.tgz",
      "integrity": "sha512-fuscdXJ9G1qb7W8VdHi+IwRqij3lBkosAm4ydQtEmbY58OzHXqQhvlxqEkoz0yssNVn38bcpRWgA9PP+OGoisw=="
    },
    "node_modules/@types/w3c-web-serial": {
      "version": "1.0.3",
      "resolved": "https://registry.npmjs.org/@types/w3c-web-serial/-/w3c-web-serial-1.0.3.tgz",
      "integrity": "sha512-R4J/OjqKAUFQoXVIkaUTfzb/sl6hLh/ZhDTfowJTRMa7LhgEmI/jXV4zsL1u8HpNa853BxwNmDIr0pauizzwSQ=="
    },
    "node_modules/@types/w3c-web-usb": {
      "version": "1.0.6",
      "resolved": "https://registry.npmjs.org/@types/w3c-web-usb/-/w3c-web-usb-1.0.6.tgz",
      "integrity": "sha512-cSjhgrr8g4KbPnnijAr/KJDNKa/bBa+ixYkywFRvrhvi9n1WEl7yYbtRyzE6jqNQiSxxJxoAW3STaOQwJHndaw=="
    },
    "node_modules/chart.js": {
      "version": "4.2.1",
      "resolved": "https://registry.npmjs.org/chart.js/-/chart.js-4.2.1.tgz",
      "integrity": "sha512-6YbpQ0nt3NovAgOzbkSSeeAQu/3za1319dPUQTXn9WcOpywM8rGKxJHrhS8V8xEkAlk8YhEfjbuAPfUyp6jIsw==",
      "dependencies": {
        "@kurkle/color": "^0.3.0"
      },
      "engines": {
        "pnpm": "^7.0.0"
      }
    }
  }
}
